// !$*UTF8*$!
{
	archiveVersion = 1;
	classes = {
	};
	objectVersion = 56;
	objects = {

/* Begin PBXBuildFile section */
		E17617D329F070AD00FE5599 /* PersonContactViewController.swift in Sources */ = {isa = PBXBuildFile; fileRef = E17617D229F070AD00FE5599 /* PersonContactViewController.swift */; };
		E1CB000629EE945400DD555D /* AppDelegate.swift in Sources */ = {isa = PBXBuildFile; fileRef = E1CB000529EE945400DD555D /* AppDelegate.swift */; };
		E1CB000829EE945400DD555D /* SceneDelegate.swift in Sources */ = {isa = PBXBuildFile; fileRef = E1CB000729EE945400DD555D /* SceneDelegate.swift */; };
		E1CB000A29EE945400DD555D /* ContactViewController.swift in Sources */ = {isa = PBXBuildFile; fileRef = E1CB000929EE945400DD555D /* ContactViewController.swift */; };
		E1CB000D29EE945400DD555D /* Main.storyboard in Resources */ = {isa = PBXBuildFile; fileRef = E1CB000B29EE945400DD555D /* Main.storyboard */; };
		E1CB000F29EE945500DD555D /* Assets.xcassets in Resources */ = {isa = PBXBuildFile; fileRef = E1CB000E29EE945500DD555D /* Assets.xcassets */; };
		E1CB001229EE945500DD555D /* LaunchScreen.storyboard in Resources */ = {isa = PBXBuildFile; fileRef = E1CB001029EE945500DD555D /* LaunchScreen.storyboard */; };
		E1CB001E29EE9A2F00DD555D /* Person.swift in Sources */ = {isa = PBXBuildFile; fileRef = E1CB001D29EE9A2F00DD555D /* Person.swift */; };
		E1CB002129EE9CB800DD555D /* DataStore.swift in Sources */ = {isa = PBXBuildFile; fileRef = E1CB002029EE9CB800DD555D /* DataStore.swift */; };
/* End PBXBuildFile section */

/* Begin PBXFileReference section */
		E17617D229F070AD00FE5599 /* PersonContactViewController.swift */ = {isa = PBXFileReference; lastKnownFileType = sourcecode.swift; path = PersonContactViewController.swift; sourceTree = "<group>"; };
		E1CB000229EE945400DD555D /* ContactList.app */ = {isa = PBXFileReference; explicitFileType = wrapper.application; includeInIndex = 0; path = ContactList.app; sourceTree = BUILT_PRODUCTS_DIR; };
		E1CB000529EE945400DD555D /* AppDelegate.swift */ = {isa = PBXFileReference; lastKnownFileType = sourcecode.swift; path = AppDelegate.swift; sourceTree = "<group>"; };
		E1CB000729EE945400DD555D /* SceneDelegate.swift */ = {isa = PBXFileReference; lastKnownFileType = sourcecode.swift; path = SceneDelegate.swift; sourceTree = "<group>"; };
		E1CB000929EE945400DD555D /* ContactViewController.swift */ = {isa = PBXFileReference; lastKnownFileType = sourcecode.swift; path = ContactViewController.swift; sourceTree = "<group>"; };
		E1CB000C29EE945400DD555D /* Base */ = {isa = PBXFileReference; lastKnownFileType = file.storyboard; name = Base; path = Base.lproj/Main.storyboard; sourceTree = "<group>"; };
		E1CB000E29EE945500DD555D /* Assets.xcassets */ = {isa = PBXFileReference; lastKnownFileType = folder.assetcatalog; path = Assets.xcassets; sourceTree = "<group>"; };
		E1CB001129EE945500DD555D /* Base */ = {isa = PBXFileReference; lastKnownFileType = file.storyboard; name = Base; path = Base.lproj/LaunchScreen.storyboard; sourceTree = "<group>"; };
		E1CB001329EE945500DD555D /* Info.plist */ = {isa = PBXFileReference; lastKnownFileType = text.plist.xml; path = Info.plist; sourceTree = "<group>"; };
		E1CB001D29EE9A2F00DD555D /* Person.swift */ = {isa = PBXFileReference; lastKnownFileType = sourcecode.swift; path = Person.swift; sourceTree = "<group>"; };
		E1CB002029EE9CB800DD555D /* DataStore.swift */ = {isa = PBXFileReference; lastKnownFileType = sourcecode.swift; path = DataStore.swift; sourceTree = "<group>"; };
/* End PBXFileReference section */

/* Begin PBXFrameworksBuildPhase section */
		E1CBFFFF29EE945400DD555D /* Frameworks */ = {
			isa = PBXFrameworksBuildPhase;
			buildActionMask = 2147483647;
			files = (
			);
			runOnlyForDeploymentPostprocessing = 0;
		};
/* End PBXFrameworksBuildPhase section */

/* Begin PBXGroup section */
		E1CB000329EE945400DD555D /* Products */ = {
			isa = PBXGroup;
			children = (
				E1CB000229EE945400DD555D /* ContactList.app */,
			);
			name = Products;
			sourceTree = "<group>";
		};
		E1CB000429EE945400DD555D /* ContactList */ = {
			isa = PBXGroup;
			children = (
				E1CB001A29EE953900DD555D /* ViewControllers */,
				E1CB001C29EE99FF00DD555D /* Models */,
				E1CB001B29EE954D00DD555D /* Storyboards */,
				E1CB001929EE952F00DD555D /* App */,
				E1CB000E29EE945500DD555D /* Assets.xcassets */,
			);
			path = ContactList;
			sourceTree = "<group>";
		};
		E1CB001929EE952F00DD555D /* App */ = {
			isa = PBXGroup;
			children = (
				E1CB000529EE945400DD555D /* AppDelegate.swift */,
				E1CB000729EE945400DD555D /* SceneDelegate.swift */,
				E1CB001329EE945500DD555D /* Info.plist */,
			);
			path = App;
			sourceTree = "<group>";
		};
		E1CB001A29EE953900DD555D /* ViewControllers */ = {
			isa = PBXGroup;
			children = (
				E1CB000929EE945400DD555D /* ContactViewController.swift */,
				E17617D229F070AD00FE5599 /* PersonContactViewController.swift */,
			);
			path = ViewControllers;
			sourceTree = "<group>";
		};
		E1CB001B29EE954D00DD555D /* Storyboards */ = {
			isa = PBXGroup;
			children = (
				E1CB000B29EE945400DD555D /* Main.storyboard */,
				E1CB001029EE945500DD555D /* LaunchScreen.storyboard */,
				E1CB001F29EE9C7C00DD555D /* Servises */,
			);
			path = Storyboards;
			sourceTree = "<group>";
		};
		E1CB001C29EE99FF00DD555D /* Models */ = {
			isa = PBXGroup;
			children = (
				E1CB001D29EE9A2F00DD555D /* Person.swift */,
			);
			path = Models;
			sourceTree = "<group>";
		};
		E1CB001F29EE9C7C00DD555D /* Servises */ = {
			isa = PBXGroup;
			children = (
				E1CB002029EE9CB800DD555D /* DataStore.swift */,
			);
			path = Servises;
			sourceTree = "<group>";
		};
		E1CBFFF929EE945400DD555D = {
			isa = PBXGroup;
			children = (
				E1CB000429EE945400DD555D /* ContactList */,
				E1CB000329EE945400DD555D /* Products */,
			);
			sourceTree = "<group>";
		};
/* End PBXGroup section */

/* Begin PBXNativeTarget section */
		E1CB000129EE945400DD555D /* ContactList */ = {
			isa = PBXNativeTarget;
			buildConfigurationList = E1CB001629EE945500DD555D /* Build configuration list for PBXNativeTarget "ContactList" */;
			buildPhases = (
				E1CBFFFE29EE945400DD555D /* Sources */,
				E1CBFFFF29EE945400DD555D /* Frameworks */,
				E1CB000029EE945400DD555D /* Resources */,
			);
			buildRules = (
			);
			dependencies = (
			);
			name = ContactList;
			productName = ContactList;
			productReference = E1CB000229EE945400DD555D /* ContactList.app */;
			productType = "com.apple.product-type.application";
		};
/* End PBXNativeTarget section */

/* Begin PBXProject section */
		E1CBFFFA29EE945400DD555D /* Project object */ = {
			isa = PBXProject;
			attributes = {
				BuildIndependentTargetsInParallel = 1;
				LastSwiftUpdateCheck = 1430;
				LastUpgradeCheck = 1430;
				TargetAttributes = {
					E1CB000129EE945400DD555D = {
						CreatedOnToolsVersion = 14.3;
					};
				};
			};
			buildConfigurationList = E1CBFFFD29EE945400DD555D /* Build configuration list for PBXProject "ContactList" */;
			compatibilityVersion = "Xcode 14.0";
			developmentRegion = en;
			hasScannedForEncodings = 0;
			knownRegions = (
				en,
				Base,
			);
			mainGroup = E1CBFFF929EE945400DD555D;
			productRefGroup = E1CB000329EE945400DD555D /* Products */;
			projectDirPath = "";
			projectRoot = "";
			targets = (
				E1CB000129EE945400DD555D /* ContactList */,
			);
		};
/* End PBXProject section */

/* Begin PBXResourcesBuildPhase section */
		E1CB000029EE945400DD555D /* Resources */ = {
			isa = PBXResourcesBuildPhase;
			buildActionMask = 2147483647;
			files = (
				E1CB001229EE945500DD555D /* LaunchScreen.storyboard in Resources */,
				E1CB000F29EE945500DD555D /* Assets.xcassets in Resources */,
				E1CB000D29EE945400DD555D /* Main.storyboard in Resources */,
			);
			runOnlyForDeploymentPostprocessing = 0;
		};
/* End PBXResourcesBuildPhase section */

/* Begin PBXSourcesBuildPhase section */
		E1CBFFFE29EE945400DD555D /* Sources */ = {
			isa = PBXSourcesBuildPhase;
			buildActionMask = 2147483647;
			files = (
				E1CB001E29EE9A2F00DD555D /* Person.swift in Sources */,
				E1CB000A29EE945400DD555D /* ContactViewController.swift in Sources */,
				E1CB000629EE945400DD555D /* AppDelegate.swift in Sources */,
				E1CB002129EE9CB800DD555D /* DataStore.swift in Sources */,
				E1CB000829EE945400DD555D /* SceneDelegate.swift in Sources */,
				E17617D329F070AD00FE5599 /* PersonContactViewController.swift in Sources */,
			);
			runOnlyForDeploymentPostprocessing = 0;
		};
/* End PBXSourcesBuildPhase section */

/* Begin PBXVariantGroup section */
		E1CB000B29EE945400DD555D /* Main.storyboard */ = {
			isa = PBXVariantGroup;
			children = (
				E1CB000C29EE945400DD555D /* Base */,
			);
			name = Main.storyboard;
			sourceTree = "<group>";
		};
		E1CB001029EE945500DD555D /* LaunchScreen.storyboard */ = {
			isa = PBXVariantGroup;
			children = (
				E1CB001129EE945500DD555D /* Base */,
			);
			name = LaunchScreen.storyboard;
			sourceTree = "<group>";
		};
/* End PBXVariantGroup section */

/* Begin XCBuildConfiguration section */
		E1CB001429EE945500DD555D /* Debug */ = {
			isa = XCBuildConfiguration;
			buildSettings = {
				ALWAYS_SEARCH_USER_PATHS = NO;
				CLANG_ANALYZER_NONNULL = YES;
				CLANG_ANALYZER_NUMBER_OBJECT_CONVERSION = YES_AGGRESSIVE;
				CLANG_CXX_LANGUAGE_STANDARD = "gnu++20";
				CLANG_ENABLE_MODULES = YES;
				CLANG_ENABLE_OBJC_ARC = YES;
				CLANG_ENABLE_OBJC_WEAK = YES;
				CLANG_WARN_BLOCK_CAPTURE_AUTORELEASING = YES;
				CLANG_WARN_BOOL_CONVERSION = YES;
				CLANG_WARN_COMMA = YES;
				CLANG_WARN_CONSTANT_CONVERSION = YES;
				CLANG_WARN_DEPRECATED_OBJC_IMPLEMENTATIONS = YES;
				CLANG_WARN_DIRECT_OBJC_ISA_USAGE = YES_ERROR;
				CLANG_WARN_DOCUMENTATION_COMMENTS = YES;
				CLANG_WARN_EMPTY_BODY = YES;
				CLANG_WARN_ENUM_CONVERSION = YES;
				CLANG_WARN_INFINITE_RECURSION = YES;
				CLANG_WARN_INT_CONVERSION = YES;
				CLANG_WARN_NON_LITERAL_NULL_CONVERSION = YES;
				CLANG_WARN_OBJC_IMPLICIT_RETAIN_SELF = YES;
				CLANG_WARN_OBJC_LITERAL_CONVERSION = YES;
				CLANG_WARN_OBJC_ROOT_CLASS = YES_ERROR;
				CLANG_WARN_QUOTED_INCLUDE_IN_FRAMEWORK_HEADER = YES;
				CLANG_WARN_RANGE_LOOP_ANALYSIS = YES;
				CLANG_WARN_STRICT_PROTOTYPES = YES;
				CLANG_WARN_SUSPICIOUS_MOVE = YES;
				CLANG_WARN_UNGUARDED_AVAILABILITY = YES_AGGRESSIVE;
				CLANG_WARN_UNREACHABLE_CODE = YES;
				CLANG_WARN__DUPLICATE_METHOD_MATCH = YES;
				COPY_PHASE_STRIP = NO;
				DEBUG_INFORMATION_FORMAT = dwarf;
				ENABLE_STRICT_OBJC_MSGSEND = YES;
				ENABLE_TESTABILITY = YES;
				GCC_C_LANGUAGE_STANDARD = gnu11;
				GCC_DYNAMIC_NO_PIC = NO;
				GCC_NO_COMMON_BLOCKS = YES;
				GCC_OPTIMIZATION_LEVEL = 0;
				GCC_PREPROCESSOR_DEFINITIONS = (
					"DEBUG=1",
					"$(inherited)",
				);
				GCC_WARN_64_TO_32_BIT_CONVERSION = YES;
				GCC_WARN_ABOUT_RETURN_TYPE = YES_ERROR;
				GCC_WARN_UNDECLARED_SELECTOR = YES;
				GCC_WARN_UNINITIALIZED_AUTOS = YES_AGGRESSIVE;
				GCC_WARN_UNUSED_FUNCTION = YES;
				GCC_WARN_UNUSED_VARIABLE = YES;
				IPHONEOS_DEPLOYMENT_TARGET = 16.4;
				MTL_ENABLE_DEBUG_INFO = INCLUDE_SOURCE;
				MTL_FAST_MATH = YES;
				ONLY_ACTIVE_ARCH = YES;
				SDKROOT = iphoneos;
				SWIFT_ACTIVE_COMPILATION_CONDITIONS = DEBUG;
				SWIFT_OPTIMIZATION_LEVEL = "-Onone";
			};
			name = Debug;
		};
		E1CB001529EE945500DD555D /* Release */ = {
			isa = XCBuildConfiguration;
			buildSettings = {
				ALWAYS_SEARCH_USER_PATHS = NO;
				CLANG_ANALYZER_NONNULL = YES;
				CLANG_ANALYZER_NUMBER_OBJECT_CONVERSION = YES_AGGRESSIVE;
				CLANG_CXX_LANGUAGE_STANDARD = "gnu++20";
				CLANG_ENABLE_MODULES = YES;
				CLANG_ENABLE_OBJC_ARC = YES;
				CLANG_ENABLE_OBJC_WEAK = YES;
				CLANG_WARN_BLOCK_CAPTURE_AUTORELEASING = YES;
				CLANG_WARN_BOOL_CONVERSION = YES;
				CLANG_WARN_COMMA = YES;
				CLANG_WARN_CONSTANT_CONVERSION = YES;
				CLANG_WARN_DEPRECATED_OBJC_IMPLEMENTATIONS = YES;
				CLANG_WARN_DIRECT_OBJC_ISA_USAGE = YES_ERROR;
				CLANG_WARN_DOCUMENTATION_COMMENTS = YES;
				CLANG_WARN_EMPTY_BODY = YES;
				CLANG_WARN_ENUM_CONVERSION = YES;
				CLANG_WARN_INFINITE_RECURSION = YES;
				CLANG_WARN_INT_CONVERSION = YES;
				CLANG_WARN_NON_LITERAL_NULL_CONVERSION = YES;
				CLANG_WARN_OBJC_IMPLICIT_RETAIN_SELF = YES;
				CLANG_WARN_OBJC_LITERAL_CONVERSION = YES;
				CLANG_WARN_OBJC_ROOT_CLASS = YES_ERROR;
				CLANG_WARN_QUOTED_INCLUDE_IN_FRAMEWORK_HEADER = YES;
				CLANG_WARN_RANGE_LOOP_ANALYSIS = YES;
				CLANG_WARN_STRICT_PROTOTYPES = YES;
				CLANG_WARN_SUSPICIOUS_MOVE = YES;
				CLANG_WARN_UNGUARDED_AVAILABILITY = YES_AGGRESSIVE;
				CLANG_WARN_UNREACHABLE_CODE = YES;
				CLANG_WARN__DUPLICATE_METHOD_MATCH = YES;
				COPY_PHASE_STRIP = NO;
				DEBUG_INFORMATION_FORMAT = "dwarf-with-dsym";
				ENABLE_NS_ASSERTIONS = NO;
				ENABLE_STRICT_OBJC_MSGSEND = YES;
				GCC_C_LANGUAGE_STANDARD = gnu11;
				GCC_NO_COMMON_BLOCKS = YES;
				GCC_WARN_64_TO_32_BIT_CONVERSION = YES;
				GCC_WARN_ABOUT_RETURN_TYPE = YES_ERROR;
				GCC_WARN_UNDECLARED_SELECTOR = YES;
				GCC_WARN_UNINITIALIZED_AUTOS = YES_AGGRESSIVE;
				GCC_WARN_UNUSED_FUNCTION = YES;
				GCC_WARN_UNUSED_VARIABLE = YES;
				IPHONEOS_DEPLOYMENT_TARGET = 16.4;
				MTL_ENABLE_DEBUG_INFO = NO;
				MTL_FAST_MATH = YES;
				SDKROOT = iphoneos;
				SWIFT_COMPILATION_MODE = wholemodule;
				SWIFT_OPTIMIZATION_LEVEL = "-O";
				VALIDATE_PRODUCT = YES;
			};
			name = Release;
		};
		E1CB001729EE945500DD555D /* Debug */ = {
			isa = XCBuildConfiguration;
			buildSettings = {
				ASSETCATALOG_COMPILER_APPICON_NAME = AppIcon;
				ASSETCATALOG_COMPILER_GLOBAL_ACCENT_COLOR_NAME = AccentColor;
				CODE_SIGN_STYLE = Automatic;
				CURRENT_PROJECT_VERSION = 1;
				DEVELOPMENT_TEAM = KYB528F2CP;
				GENERATE_INFOPLIST_FILE = YES;
				INFOPLIST_FILE = ContactList/App/Info.plist;
				INFOPLIST_KEY_UIApplicationSupportsIndirectInputEvents = YES;
				INFOPLIST_KEY_UILaunchStoryboardName = LaunchScreen;
				INFOPLIST_KEY_UIMainStoryboardFile = Main;
				INFOPLIST_KEY_UISupportedInterfaceOrientations = UIInterfaceOrientationPortrait;
				INFOPLIST_KEY_UISupportedInterfaceOrientations_iPad = "UIInterfaceOrientationLandscapeLeft UIInterfaceOrientationLandscapeRight UIInterfaceOrientationPortrait UIInterfaceOrientationPortraitUpsideDown";
				IPHONEOS_DEPLOYMENT_TARGET = 15.5;
				LD_RUNPATH_SEARCH_PATHS = (
					"$(inherited)",
					"@executable_path/Frameworks",
				);
				MARKETING_VERSION = 1.0;
				PRODUCT_BUNDLE_IDENTIFIER = keller.ContactList;
				PRODUCT_NAME = "$(TARGET_NAME)";
				SUPPORTED_PLATFORMS = "iphoneos iphonesimulator";
				SUPPORTS_MACCATALYST = NO;
				SUPPORTS_MAC_DESIGNED_FOR_IPHONE_IPAD = NO;
				SWIFT_EMIT_LOC_STRINGS = YES;
				SWIFT_VERSION = 5.0;
				TARGETED_DEVICE_FAMILY = 1;
			};
			name = Debug;
		};
		E1CB001829EE945500DD555D /* Release */ = {
			isa = XCBuildConfiguration;
			buildSettings = {
				ASSETCATALOG_COMPILER_APPICON_NAME = AppIcon;
				ASSETCATALOG_COMPILER_GLOBAL_ACCENT_COLOR_NAME = AccentColor;
				CODE_SIGN_STYLE = Automatic;
				CURRENT_PROJECT_VERSION = 1;
				DEVELOPMENT_TEAM = KYB528F2CP;
				GENERATE_INFOPLIST_FILE = YES;
				INFOPLIST_FILE = ContactList/App/Info.plist;
				INFOPLIST_KEY_UIApplicationSupportsIndirectInputEvents = YES;
				INFOPLIST_KEY_UILaunchStoryboardName = LaunchScreen;
				INFOPLIST_KEY_UIMainStoryboardFile = Main;
				INFOPLIST_KEY_UISupportedInterfaceOrientations = UIInterfaceOrientationPortrait;
				INFOPLIST_KEY_UISupportedInterfaceOrientations_iPad = "UIInterfaceOrientationLandscapeLeft UIInterfaceOrientationLandscapeRight UIInterfaceOrientationPortrait UIInterfaceOrientationPortraitUpsideDown";
				IPHONEOS_DEPLOYMENT_TARGET = 15.5;
				LD_RUNPATH_SEARCH_PATHS = (
					"$(inherited)",
					"@executable_path/Frameworks",
				);
				MARKETING_VERSION = 1.0;
				PRODUCT_BUNDLE_IDENTIFIER = keller.ContactList;
				PRODUCT_NAME = "$(TARGET_NAME)";
				SUPPORTED_PLATFORMS = "iphoneos iphonesimulator";
				SUPPORTS_MACCATALYST = NO;
				SUPPORTS_MAC_DESIGNED_FOR_IPHONE_IPAD = NO;
				SWIFT_EMIT_LOC_STRINGS = YES;
				SWIFT_VERSION = 5.0;
				TARGETED_DEVICE_FAMILY = 1;
			};
			name = Release;
		};
/* End XCBuildConfiguration section */

/* Begin XCConfigurationList section */
		E1CB001629EE945500DD555D /* Build configuration list for PBXNativeTarget "ContactList" */ = {
			isa = XCConfigurationList;
			buildConfigurations = (
				E1CB001729EE945500DD555D /* Debug */,
				E1CB001829EE945500DD555D /* Release */,
			);
			defaultConfigurationIsVisible = 0;
			defaultConfigurationName = Release;
		};
		E1CBFFFD29EE945400DD555D /* Build configuration list for PBXProject "ContactList" */ = {
			isa = XCConfigurationList;
			buildConfigurations = (
				E1CB001429EE945500DD555D /* Debug */,
				E1CB001529EE945500DD555D /* Release */,
			);
			defaultConfigurationIsVisible = 0;
			defaultConfigurationName = Release;
		};
/* End XCConfigurationList section */
	};
	rootObject = E1CBFFFA29EE945400DD555D /* Project object */;
}
